
Microsoft Visual Studio Solution File, Format Version 12.00
# Visual Studio Version 17
VisualStudioVersion = 17.4.33213.308
MinimumVisualStudioVersion = 10.0.40219.1
Project("{FAE04EC0-301F-11D3-BF4B-00C04F79EFBC}") = "Demo.MvcApplication", "Demo.MvcApplication\Demo.MvcApplication.csproj", "{A5F3E055-B509-41EF-A649-70886561D8DC}"
EndProject
Global
	GlobalSection(SolutionConfigurationPlatforms) = preSolution
		Debug|Any CPU = Debug|Any CPU
		Preprod|Any CPU = Preprod|Any CPU
		Release|Any CPU = Release|Any CPU
		Testing|Any CPU = Testing|Any CPU
	EndGlobalSection
	GlobalSection(ProjectConfigurationPlatforms) = postSolution
		{A5F3E055-B509-41EF-A649-70886561D8DC}.Debug|Any CPU.ActiveCfg = Debug|Any CPU
		{A5F3E055-B509-41EF-A649-70886561D8DC}.Debug|Any CPU.Build.0 = Debug|Any CPU
		{A5F3E055-B509-41EF-A649-70886561D8DC}.Preprod|Any CPU.ActiveCfg = Debug|Any CPU
		{A5F3E055-B509-41EF-A649-70886561D8DC}.Preprod|Any CPU.Build.0 = Debug|Any CPU
		{A5F3E055-B509-41EF-A649-70886561D8DC}.Release|Any CPU.ActiveCfg = Release|Any CPU
		{A5F3E055-B509-41EF-A649-70886561D8DC}.Release|Any CPU.Build.0 = Release|Any CPU
		{A5F3E055-B509-41EF-A649-70886561D8DC}.Testing|Any CPU.ActiveCfg = Debug|Any CPU
		{A5F3E055-B509-41EF-A649-70886561D8DC}.Testing|Any CPU.Build.0 = Debug|Any CPU
	EndGlobalSection
	GlobalSection(SolutionProperties) = preSolution
		HideSolutionNode = FALSE
	EndGlobalSection
	GlobalSection(ExtensibilityGlobals) = postSolution
		SolutionGuid = {E3C194B4-E878-4208-856C-62FBCE4125FA}
	EndGlobalSection
EndGlobal
